// !$*UTF8*$!
{
	archiveVersion = 1;
	classes = {
	};
	objectVersion = 55;
	objects = {

/* Begin PBXBuildFile section */
		2932931D27626A1D005E1C9F /* AddNewExerciseView.swift in Sources */ = {isa = PBXBuildFile; fileRef = 2932931C27626A1D005E1C9F /* AddNewExerciseView.swift */; };
		294B9CDF2757BF8C004C78FB /* ExerciseGroupCell.swift in Sources */ = {isa = PBXBuildFile; fileRef = 294B9CDE2757BF8C004C78FB /* ExerciseGroupCell.swift */; };
		299CF3B727A932C800A3B4E6 /* HorizontalCalendarDayOfWeek.swift in Sources */ = {isa = PBXBuildFile; fileRef = 299CF3B627A932C800A3B4E6 /* HorizontalCalendarDayOfWeek.swift */; };
		29AA31AD276B88B9004D63A6 /* LabelWithButtonView.swift in Sources */ = {isa = PBXBuildFile; fileRef = 29AA31AC276B88B8004D63A6 /* LabelWithButtonView.swift */; };
		EA30B4692747EA6600DEA817 /* FitAngelApp.swift in Sources */ = {isa = PBXBuildFile; fileRef = EA30B4682747EA6600DEA817 /* FitAngelApp.swift */; };
		EA30B46B2747EA6600DEA817 /* ExerciseCategoriesView.swift in Sources */ = {isa = PBXBuildFile; fileRef = EA30B46A2747EA6600DEA817 /* ExerciseCategoriesView.swift */; };
		EA30B46D2747EA6800DEA817 /* Assets.xcassets in Resources */ = {isa = PBXBuildFile; fileRef = EA30B46C2747EA6800DEA817 /* Assets.xcassets */; };
		EA30B4702747EA6800DEA817 /* Preview Assets.xcassets in Resources */ = {isa = PBXBuildFile; fileRef = EA30B46F2747EA6800DEA817 /* Preview Assets.xcassets */; };
		EA30B48F275BA8A400DEA817 /* TrainingDiaryView.swift in Sources */ = {isa = PBXBuildFile; fileRef = EA30B48E275BA8A400DEA817 /* TrainingDiaryView.swift */; };
		EA30B4A5275F525A00DEA817 /* TrainingDiaryTitleCell.swift in Sources */ = {isa = PBXBuildFile; fileRef = EA30B4A4275F525A00DEA817 /* TrainingDiaryTitleCell.swift */; };
		EA30B4A8276263D100DEA817 /* colorExtension.swift in Sources */ = {isa = PBXBuildFile; fileRef = EA30B4A7276263D100DEA817 /* colorExtension.swift */; };
		EA604815278A211700130A06 /* Model.xcdatamodeld in Sources */ = {isa = PBXBuildFile; fileRef = EA604813278A211700130A06 /* Model.xcdatamodeld */; };
		EA6048182795C56700130A06 /* HorizontalCalendarView.swift in Sources */ = {isa = PBXBuildFile; fileRef = EA6048172795C56700130A06 /* HorizontalCalendarView.swift */; };
		EA60481A279EC49D00130A06 /* HorizontalCalendarCollectionCell.swift in Sources */ = {isa = PBXBuildFile; fileRef = EA604819279EC49D00130A06 /* HorizontalCalendarCollectionCell.swift */; };
		EA60481C279EC52400130A06 /* HorizontalCalendarViewRepresentable.swift in Sources */ = {isa = PBXBuildFile; fileRef = EA60481B279EC52400130A06 /* HorizontalCalendarViewRepresentable.swift */; };
		EABED36627A9B455005F3EAC /* HorizontalCalendarDataSource.swift in Sources */ = {isa = PBXBuildFile; fileRef = EABED36527A9B455005F3EAC /* HorizontalCalendarDataSource.swift */; };
		EABED36927A9E89C005F3EAC /* HorizontalCalendarItemModel.swift in Sources */ = {isa = PBXBuildFile; fileRef = EABED36827A9E89C005F3EAC /* HorizontalCalendarItemModel.swift */; };
		EABED36B27AC1825005F3EAC /* TrainingDiaryViewModel.swift in Sources */ = {isa = PBXBuildFile; fileRef = EABED36A27AC1825005F3EAC /* TrainingDiaryViewModel.swift */; };
		EABED38B27B286A1005F3EAC /* AddNewExerciseViewModel.swift in Sources */ = {isa = PBXBuildFile; fileRef = EABED38A27B286A1005F3EAC /* AddNewExerciseViewModel.swift */; };
		EABED39227B29BE4005F3EAC /* Category+CoreDataClass.swift in Sources */ = {isa = PBXBuildFile; fileRef = EABED39027B29BE4005F3EAC /* Category+CoreDataClass.swift */; };
		EABED39327B29BE4005F3EAC /* Category+CoreDataProperties.swift in Sources */ = {isa = PBXBuildFile; fileRef = EABED39127B29BE4005F3EAC /* Category+CoreDataProperties.swift */; };
		EABED3A227B29CCE005F3EAC /* WeightRepeatSet+CoreDataClass.swift in Sources */ = {isa = PBXBuildFile; fileRef = EABED39427B29CCE005F3EAC /* WeightRepeatSet+CoreDataClass.swift */; };
		EABED3A327B29CCE005F3EAC /* WeightRepeatSet+CoreDataProperties.swift in Sources */ = {isa = PBXBuildFile; fileRef = EABED39527B29CCE005F3EAC /* WeightRepeatSet+CoreDataProperties.swift */; };
		EABED3A427B29CCE005F3EAC /* TimeSet+CoreDataClass.swift in Sources */ = {isa = PBXBuildFile; fileRef = EABED39627B29CCE005F3EAC /* TimeSet+CoreDataClass.swift */; };
		EABED3A527B29CCE005F3EAC /* TimeSet+CoreDataProperties.swift in Sources */ = {isa = PBXBuildFile; fileRef = EABED39727B29CCE005F3EAC /* TimeSet+CoreDataProperties.swift */; };
		EABED3A627B29CCE005F3EAC /* Workout+CoreDataClass.swift in Sources */ = {isa = PBXBuildFile; fileRef = EABED39827B29CCE005F3EAC /* Workout+CoreDataClass.swift */; };
		EABED3A727B29CCE005F3EAC /* Workout+CoreDataProperties.swift in Sources */ = {isa = PBXBuildFile; fileRef = EABED39927B29CCE005F3EAC /* Workout+CoreDataProperties.swift */; };
		EABED3A827B29CCE005F3EAC /* Set+CoreDataClass.swift in Sources */ = {isa = PBXBuildFile; fileRef = EABED39A27B29CCE005F3EAC /* Set+CoreDataClass.swift */; };
		EABED3A927B29CCE005F3EAC /* Set+CoreDataProperties.swift in Sources */ = {isa = PBXBuildFile; fileRef = EABED39B27B29CCE005F3EAC /* Set+CoreDataProperties.swift */; };
		EABED3AA27B29CCE005F3EAC /* Exercise+CoreDataClass.swift in Sources */ = {isa = PBXBuildFile; fileRef = EABED39C27B29CCE005F3EAC /* Exercise+CoreDataClass.swift */; };
		EABED3AB27B29CCE005F3EAC /* Exercise+CoreDataProperties.swift in Sources */ = {isa = PBXBuildFile; fileRef = EABED39D27B29CCE005F3EAC /* Exercise+CoreDataProperties.swift */; };
		EABED3AC27B29CCE005F3EAC /* Muscle+CoreDataClass.swift in Sources */ = {isa = PBXBuildFile; fileRef = EABED39E27B29CCE005F3EAC /* Muscle+CoreDataClass.swift */; };
		EABED3AD27B29CCE005F3EAC /* Muscle+CoreDataProperties.swift in Sources */ = {isa = PBXBuildFile; fileRef = EABED39F27B29CCE005F3EAC /* Muscle+CoreDataProperties.swift */; };
		EABED3AE27B29CCE005F3EAC /* TimeDistanceSet+CoreDataClass.swift in Sources */ = {isa = PBXBuildFile; fileRef = EABED3A027B29CCE005F3EAC /* TimeDistanceSet+CoreDataClass.swift */; };
		EABED3AF27B29CCE005F3EAC /* TimeDistanceSet+CoreDataProperties.swift in Sources */ = {isa = PBXBuildFile; fileRef = EABED3A127B29CCE005F3EAC /* TimeDistanceSet+CoreDataProperties.swift */; };
		EABED3B227B3F432005F3EAC /* ExerciseCategoriesViewModel.swift in Sources */ = {isa = PBXBuildFile; fileRef = EABED3B127B3F432005F3EAC /* ExerciseCategoriesViewModel.swift */; };
		EAC8E3072769D17A00A03208 /* SettingsViewController.swift in Sources */ = {isa = PBXBuildFile; fileRef = EAC8E3062769D17A00A03208 /* SettingsViewController.swift */; };
/* End PBXBuildFile section */

/* Begin PBXFileReference section */
		2932931C27626A1D005E1C9F /* AddNewExerciseView.swift */ = {isa = PBXFileReference; lastKnownFileType = sourcecode.swift; path = AddNewExerciseView.swift; sourceTree = "<group>"; };
		294B9CDE2757BF8C004C78FB /* ExerciseGroupCell.swift */ = {isa = PBXFileReference; lastKnownFileType = sourcecode.swift; path = ExerciseGroupCell.swift; sourceTree = "<group>"; };
		299CF3B627A932C800A3B4E6 /* HorizontalCalendarDayOfWeek.swift */ = {isa = PBXFileReference; lastKnownFileType = sourcecode.swift; path = HorizontalCalendarDayOfWeek.swift; sourceTree = "<group>"; };
		29AA31AC276B88B8004D63A6 /* LabelWithButtonView.swift */ = {isa = PBXFileReference; lastKnownFileType = sourcecode.swift; path = LabelWithButtonView.swift; sourceTree = "<group>"; };
		EA30B4652747EA6600DEA817 /* FitAngel.app */ = {isa = PBXFileReference; explicitFileType = wrapper.application; includeInIndex = 0; path = FitAngel.app; sourceTree = BUILT_PRODUCTS_DIR; };
		EA30B4682747EA6600DEA817 /* FitAngelApp.swift */ = {isa = PBXFileReference; lastKnownFileType = sourcecode.swift; path = FitAngelApp.swift; sourceTree = "<group>"; };
		EA30B46A2747EA6600DEA817 /* ExerciseCategoriesView.swift */ = {isa = PBXFileReference; lastKnownFileType = sourcecode.swift; path = ExerciseCategoriesView.swift; sourceTree = "<group>"; };
		EA30B46C2747EA6800DEA817 /* Assets.xcassets */ = {isa = PBXFileReference; lastKnownFileType = folder.assetcatalog; path = Assets.xcassets; sourceTree = "<group>"; };
		EA30B46F2747EA6800DEA817 /* Preview Assets.xcassets */ = {isa = PBXFileReference; lastKnownFileType = folder.assetcatalog; path = "Preview Assets.xcassets"; sourceTree = "<group>"; };
		EA30B48E275BA8A400DEA817 /* TrainingDiaryView.swift */ = {isa = PBXFileReference; lastKnownFileType = sourcecode.swift; path = TrainingDiaryView.swift; sourceTree = "<group>"; };
		EA30B4A4275F525A00DEA817 /* TrainingDiaryTitleCell.swift */ = {isa = PBXFileReference; lastKnownFileType = sourcecode.swift; path = TrainingDiaryTitleCell.swift; sourceTree = "<group>"; };
		EA30B4A7276263D100DEA817 /* colorExtension.swift */ = {isa = PBXFileReference; lastKnownFileType = sourcecode.swift; path = colorExtension.swift; sourceTree = "<group>"; };
		EA604814278A211700130A06 /* Model.xcdatamodel */ = {isa = PBXFileReference; lastKnownFileType = wrapper.xcdatamodel; path = Model.xcdatamodel; sourceTree = "<group>"; };
		EA6048172795C56700130A06 /* HorizontalCalendarView.swift */ = {isa = PBXFileReference; lastKnownFileType = sourcecode.swift; path = HorizontalCalendarView.swift; sourceTree = "<group>"; };
		EA604819279EC49D00130A06 /* HorizontalCalendarCollectionCell.swift */ = {isa = PBXFileReference; lastKnownFileType = sourcecode.swift; path = HorizontalCalendarCollectionCell.swift; sourceTree = "<group>"; };
		EA60481B279EC52400130A06 /* HorizontalCalendarViewRepresentable.swift */ = {isa = PBXFileReference; lastKnownFileType = sourcecode.swift; path = HorizontalCalendarViewRepresentable.swift; sourceTree = "<group>"; };
		EABED36527A9B455005F3EAC /* HorizontalCalendarDataSource.swift */ = {isa = PBXFileReference; lastKnownFileType = sourcecode.swift; path = HorizontalCalendarDataSource.swift; sourceTree = "<group>"; };
		EABED36827A9E89C005F3EAC /* HorizontalCalendarItemModel.swift */ = {isa = PBXFileReference; lastKnownFileType = sourcecode.swift; path = HorizontalCalendarItemModel.swift; sourceTree = "<group>"; };
		EABED36A27AC1825005F3EAC /* TrainingDiaryViewModel.swift */ = {isa = PBXFileReference; lastKnownFileType = sourcecode.swift; path = TrainingDiaryViewModel.swift; sourceTree = "<group>"; };
		EABED38A27B286A1005F3EAC /* AddNewExerciseViewModel.swift */ = {isa = PBXFileReference; lastKnownFileType = sourcecode.swift; path = AddNewExerciseViewModel.swift; sourceTree = "<group>"; };
		EABED39027B29BE4005F3EAC /* Category+CoreDataClass.swift */ = {isa = PBXFileReference; lastKnownFileType = sourcecode.swift; path = "Category+CoreDataClass.swift"; sourceTree = "<group>"; };
		EABED39127B29BE4005F3EAC /* Category+CoreDataProperties.swift */ = {isa = PBXFileReference; lastKnownFileType = sourcecode.swift; path = "Category+CoreDataProperties.swift"; sourceTree = "<group>"; };
		EABED39427B29CCE005F3EAC /* WeightRepeatSet+CoreDataClass.swift */ = {isa = PBXFileReference; lastKnownFileType = sourcecode.swift; path = "WeightRepeatSet+CoreDataClass.swift"; sourceTree = "<group>"; };
		EABED39527B29CCE005F3EAC /* WeightRepeatSet+CoreDataProperties.swift */ = {isa = PBXFileReference; lastKnownFileType = sourcecode.swift; path = "WeightRepeatSet+CoreDataProperties.swift"; sourceTree = "<group>"; };
		EABED39627B29CCE005F3EAC /* TimeSet+CoreDataClass.swift */ = {isa = PBXFileReference; lastKnownFileType = sourcecode.swift; path = "TimeSet+CoreDataClass.swift"; sourceTree = "<group>"; };
		EABED39727B29CCE005F3EAC /* TimeSet+CoreDataProperties.swift */ = {isa = PBXFileReference; lastKnownFileType = sourcecode.swift; path = "TimeSet+CoreDataProperties.swift"; sourceTree = "<group>"; };
		EABED39827B29CCE005F3EAC /* Workout+CoreDataClass.swift */ = {isa = PBXFileReference; lastKnownFileType = sourcecode.swift; path = "Workout+CoreDataClass.swift"; sourceTree = "<group>"; };
		EABED39927B29CCE005F3EAC /* Workout+CoreDataProperties.swift */ = {isa = PBXFileReference; lastKnownFileType = sourcecode.swift; path = "Workout+CoreDataProperties.swift"; sourceTree = "<group>"; };
		EABED39A27B29CCE005F3EAC /* Set+CoreDataClass.swift */ = {isa = PBXFileReference; lastKnownFileType = sourcecode.swift; path = "Set+CoreDataClass.swift"; sourceTree = "<group>"; };
		EABED39B27B29CCE005F3EAC /* Set+CoreDataProperties.swift */ = {isa = PBXFileReference; lastKnownFileType = sourcecode.swift; path = "Set+CoreDataProperties.swift"; sourceTree = "<group>"; };
		EABED39C27B29CCE005F3EAC /* Exercise+CoreDataClass.swift */ = {isa = PBXFileReference; lastKnownFileType = sourcecode.swift; path = "Exercise+CoreDataClass.swift"; sourceTree = "<group>"; };
		EABED39D27B29CCE005F3EAC /* Exercise+CoreDataProperties.swift */ = {isa = PBXFileReference; lastKnownFileType = sourcecode.swift; path = "Exercise+CoreDataProperties.swift"; sourceTree = "<group>"; };
		EABED39E27B29CCE005F3EAC /* Muscle+CoreDataClass.swift */ = {isa = PBXFileReference; lastKnownFileType = sourcecode.swift; path = "Muscle+CoreDataClass.swift"; sourceTree = "<group>"; };
		EABED39F27B29CCE005F3EAC /* Muscle+CoreDataProperties.swift */ = {isa = PBXFileReference; lastKnownFileType = sourcecode.swift; path = "Muscle+CoreDataProperties.swift"; sourceTree = "<group>"; };
		EABED3A027B29CCE005F3EAC /* TimeDistanceSet+CoreDataClass.swift */ = {isa = PBXFileReference; lastKnownFileType = sourcecode.swift; path = "TimeDistanceSet+CoreDataClass.swift"; sourceTree = "<group>"; };
		EABED3A127B29CCE005F3EAC /* TimeDistanceSet+CoreDataProperties.swift */ = {isa = PBXFileReference; lastKnownFileType = sourcecode.swift; path = "TimeDistanceSet+CoreDataProperties.swift"; sourceTree = "<group>"; };
		EABED3B127B3F432005F3EAC /* ExerciseCategoriesViewModel.swift */ = {isa = PBXFileReference; lastKnownFileType = sourcecode.swift; path = ExerciseCategoriesViewModel.swift; sourceTree = "<group>"; };
		EAC8E3062769D17A00A03208 /* SettingsViewController.swift */ = {isa = PBXFileReference; lastKnownFileType = sourcecode.swift; path = SettingsViewController.swift; sourceTree = "<group>"; };
/* End PBXFileReference section */

/* Begin PBXFrameworksBuildPhase section */
		EA30B4622747EA6600DEA817 /* Frameworks */ = {
			isa = PBXFrameworksBuildPhase;
			buildActionMask = 2147483647;
			files = (
			);
			runOnlyForDeploymentPostprocessing = 0;
		};
/* End PBXFrameworksBuildPhase section */

/* Begin PBXGroup section */
		2932931B27626A00005E1C9F /* newExercise */ = {
			isa = PBXGroup;
			children = (
				2932931C27626A1D005E1C9F /* AddNewExerciseView.swift */,
				29AA31AC276B88B8004D63A6 /* LabelWithButtonView.swift */,
				EABED38A27B286A1005F3EAC /* AddNewExerciseViewModel.swift */,
			);
			path = newExercise;
			sourceTree = "<group>";
		};
		294B9CDD2757BEEC004C78FB /* exerciseCategories */ = {
			isa = PBXGroup;
			children = (
				EA30B46A2747EA6600DEA817 /* ExerciseCategoriesView.swift */,
				294B9CDE2757BF8C004C78FB /* ExerciseGroupCell.swift */,
				EABED3B127B3F432005F3EAC /* ExerciseCategoriesViewModel.swift */,
			);
			path = exerciseCategories;
			sourceTree = "<group>";
		};
		EA30B45C2747EA6600DEA817 = {
			isa = PBXGroup;
			children = (
				EA30B4672747EA6600DEA817 /* FitAngel */,
				EA30B4662747EA6600DEA817 /* Products */,
			);
			sourceTree = "<group>";
		};
		EA30B4662747EA6600DEA817 /* Products */ = {
			isa = PBXGroup;
			children = (
				EA30B4652747EA6600DEA817 /* FitAngel.app */,
			);
			name = Products;
			sourceTree = "<group>";
		};
		EA30B4672747EA6600DEA817 /* FitAngel */ = {
			isa = PBXGroup;
			children = (
				EABED3B027B3E8AD005F3EAC /* coreDataModels */,
				EA604813278A211700130A06 /* Model.xcdatamodeld */,
				EA6048162795C53100130A06 /* horizontalCalendar */,
				2932931B27626A00005E1C9F /* newExercise */,
				EAC8E3052769D15200A03208 /* settings */,
				EA30B4A6276263A400DEA817 /* design */,
				EA30B48D275BA86300DEA817 /* trainingDiary */,
				294B9CDD2757BEEC004C78FB /* exerciseCategories */,
				EA30B4682747EA6600DEA817 /* FitAngelApp.swift */,
				EA30B46C2747EA6800DEA817 /* Assets.xcassets */,
				EA30B46E2747EA6800DEA817 /* Preview Content */,
			);
			path = FitAngel;
			sourceTree = "<group>";
		};
		EA30B46E2747EA6800DEA817 /* Preview Content */ = {
			isa = PBXGroup;
			children = (
				EA30B46F2747EA6800DEA817 /* Preview Assets.xcassets */,
			);
			path = "Preview Content";
			sourceTree = "<group>";
		};
		EA30B48D275BA86300DEA817 /* trainingDiary */ = {
			isa = PBXGroup;
			children = (
				EABED36C27AC186F005F3EAC /* cells */,
				EA30B48E275BA8A400DEA817 /* TrainingDiaryView.swift */,
				EABED36A27AC1825005F3EAC /* TrainingDiaryViewModel.swift */,
			);
			path = trainingDiary;
			sourceTree = "<group>";
		};
		EA30B4A6276263A400DEA817 /* design */ = {
			isa = PBXGroup;
			children = (
				EA30B4A7276263D100DEA817 /* colorExtension.swift */,
			);
			path = design;
			sourceTree = "<group>";
		};
		EA6048162795C53100130A06 /* horizontalCalendar */ = {
			isa = PBXGroup;
			children = (
				EABED36727A9E88E005F3EAC /* models */,
				EA6048172795C56700130A06 /* HorizontalCalendarView.swift */,
				EA604819279EC49D00130A06 /* HorizontalCalendarCollectionCell.swift */,
				EA60481B279EC52400130A06 /* HorizontalCalendarViewRepresentable.swift */,
				EABED36527A9B455005F3EAC /* HorizontalCalendarDataSource.swift */,
			);
			path = horizontalCalendar;
			sourceTree = "<group>";
		};
		EABED36727A9E88E005F3EAC /* models */ = {
			isa = PBXGroup;
			children = (
				299CF3B627A932C800A3B4E6 /* HorizontalCalendarDayOfWeek.swift */,
				EABED36827A9E89C005F3EAC /* HorizontalCalendarItemModel.swift */,
			);
			path = models;
			sourceTree = "<group>";
		};
		EABED36C27AC186F005F3EAC /* cells */ = {
			isa = PBXGroup;
			children = (
				EA30B4A4275F525A00DEA817 /* TrainingDiaryTitleCell.swift */,
			);
			path = cells;
			sourceTree = "<group>";
		};
		EABED3B027B3E8AD005F3EAC /* coreDataModels */ = {
			isa = PBXGroup;
			children = (
				EABED39127B29BE4005F3EAC /* Category+CoreDataProperties.swift */,
				EABED39027B29BE4005F3EAC /* Category+CoreDataClass.swift */,
				EABED3A127B29CCE005F3EAC /* TimeDistanceSet+CoreDataProperties.swift */,
				EABED3A027B29CCE005F3EAC /* TimeDistanceSet+CoreDataClass.swift */,
				EABED39F27B29CCE005F3EAC /* Muscle+CoreDataProperties.swift */,
				EABED39E27B29CCE005F3EAC /* Muscle+CoreDataClass.swift */,
				EABED39D27B29CCE005F3EAC /* Exercise+CoreDataProperties.swift */,
				EABED39C27B29CCE005F3EAC /* Exercise+CoreDataClass.swift */,
				EABED39B27B29CCE005F3EAC /* Set+CoreDataProperties.swift */,
				EABED39A27B29CCE005F3EAC /* Set+CoreDataClass.swift */,
				EABED39927B29CCE005F3EAC /* Workout+CoreDataProperties.swift */,
				EABED39827B29CCE005F3EAC /* Workout+CoreDataClass.swift */,
				EABED39727B29CCE005F3EAC /* TimeSet+CoreDataProperties.swift */,
				EABED39627B29CCE005F3EAC /* TimeSet+CoreDataClass.swift */,
				EABED39527B29CCE005F3EAC /* WeightRepeatSet+CoreDataProperties.swift */,
				EABED39427B29CCE005F3EAC /* WeightRepeatSet+CoreDataClass.swift */,
			);
			path = coreDataModels;
			sourceTree = "<group>";
		};
		EAC8E3052769D15200A03208 /* settings */ = {
			isa = PBXGroup;
			children = (
				EAC8E3062769D17A00A03208 /* SettingsViewController.swift */,
			);
			path = settings;
			sourceTree = "<group>";
		};
/* End PBXGroup section */

/* Begin PBXNativeTarget section */
		EA30B4642747EA6600DEA817 /* FitAngel */ = {
			isa = PBXNativeTarget;
			buildConfigurationList = EA30B4732747EA6800DEA817 /* Build configuration list for PBXNativeTarget "FitAngel" */;
			buildPhases = (
				EA30B4612747EA6600DEA817 /* Sources */,
				EA30B4622747EA6600DEA817 /* Frameworks */,
				EA30B4632747EA6600DEA817 /* Resources */,
			);
			buildRules = (
			);
			dependencies = (
			);
			name = FitAngel;
			productName = FitAngel;
			productReference = EA30B4652747EA6600DEA817 /* FitAngel.app */;
			productType = "com.apple.product-type.application";
		};
/* End PBXNativeTarget section */

/* Begin PBXProject section */
		EA30B45D2747EA6600DEA817 /* Project object */ = {
			isa = PBXProject;
			attributes = {
				BuildIndependentTargetsInParallel = 1;
				LastSwiftUpdateCheck = 1300;
				LastUpgradeCheck = 1300;
				TargetAttributes = {
					EA30B4642747EA6600DEA817 = {
						CreatedOnToolsVersion = 13.0;
					};
				};
			};
			buildConfigurationList = EA30B4602747EA6600DEA817 /* Build configuration list for PBXProject "FitAngel" */;
			compatibilityVersion = "Xcode 13.0";
			developmentRegion = en;
			hasScannedForEncodings = 0;
			knownRegions = (
				en,
				Base,
			);
			mainGroup = EA30B45C2747EA6600DEA817;
			productRefGroup = EA30B4662747EA6600DEA817 /* Products */;
			projectDirPath = "";
			projectRoot = "";
			targets = (
				EA30B4642747EA6600DEA817 /* FitAngel */,
			);
		};
/* End PBXProject section */

/* Begin PBXResourcesBuildPhase section */
		EA30B4632747EA6600DEA817 /* Resources */ = {
			isa = PBXResourcesBuildPhase;
			buildActionMask = 2147483647;
			files = (
				EA30B4702747EA6800DEA817 /* Preview Assets.xcassets in Resources */,
				EA30B46D2747EA6800DEA817 /* Assets.xcassets in Resources */,
			);
			runOnlyForDeploymentPostprocessing = 0;
		};
/* End PBXResourcesBuildPhase section */

/* Begin PBXSourcesBuildPhase section */
		EA30B4612747EA6600DEA817 /* Sources */ = {
			isa = PBXSourcesBuildPhase;
			buildActionMask = 2147483647;
			files = (
				EABED3A727B29CCE005F3EAC /* Workout+CoreDataProperties.swift in Sources */,
				EABED3A227B29CCE005F3EAC /* WeightRepeatSet+CoreDataClass.swift in Sources */,
				EABED3A627B29CCE005F3EAC /* Workout+CoreDataClass.swift in Sources */,
				299CF3B727A932C800A3B4E6 /* HorizontalCalendarDayOfWeek.swift in Sources */,
				EABED3AF27B29CCE005F3EAC /* TimeDistanceSet+CoreDataProperties.swift in Sources */,
				EABED3AC27B29CCE005F3EAC /* Muscle+CoreDataClass.swift in Sources */,
				EABED3AA27B29CCE005F3EAC /* Exercise+CoreDataClass.swift in Sources */,
				EABED3B227B3F432005F3EAC /* ExerciseCategoriesViewModel.swift in Sources */,
				EABED3A527B29CCE005F3EAC /* TimeSet+CoreDataProperties.swift in Sources */,
				EA30B4A5275F525A00DEA817 /* TrainingDiaryTitleCell.swift in Sources */,
				EABED3A327B29CCE005F3EAC /* WeightRepeatSet+CoreDataProperties.swift in Sources */,
				EA30B4A8276263D100DEA817 /* colorExtension.swift in Sources */,
				EABED3A827B29CCE005F3EAC /* Set+CoreDataClass.swift in Sources */,
				EA30B46B2747EA6600DEA817 /* ExerciseCategoriesView.swift in Sources */,
				EA30B48F275BA8A400DEA817 /* TrainingDiaryView.swift in Sources */,
				EABED39227B29BE4005F3EAC /* Category+CoreDataClass.swift in Sources */,
				EA60481A279EC49D00130A06 /* HorizontalCalendarCollectionCell.swift in Sources */,
				EABED39327B29BE4005F3EAC /* Category+CoreDataProperties.swift in Sources */,
				EA60481C279EC52400130A06 /* HorizontalCalendarViewRepresentable.swift in Sources */,
				EABED38B27B286A1005F3EAC /* AddNewExerciseViewModel.swift in Sources */,
				EABED3AB27B29CCE005F3EAC /* Exercise+CoreDataProperties.swift in Sources */,
				EA6048182795C56700130A06 /* HorizontalCalendarView.swift in Sources */,
				EABED3A427B29CCE005F3EAC /* TimeSet+CoreDataClass.swift in Sources */,
				29AA31AD276B88B9004D63A6 /* LabelWithButtonView.swift in Sources */,
				294B9CDF2757BF8C004C78FB /* ExerciseGroupCell.swift in Sources */,
				EA604815278A211700130A06 /* Model.xcdatamodeld in Sources */,
				EABED3AE27B29CCE005F3EAC /* TimeDistanceSet+CoreDataClass.swift in Sources */,
				EABED36627A9B455005F3EAC /* HorizontalCalendarDataSource.swift in Sources */,
				EABED36927A9E89C005F3EAC /* HorizontalCalendarItemModel.swift in Sources */,
				EABED36B27AC1825005F3EAC /* TrainingDiaryViewModel.swift in Sources */,
				2932931D27626A1D005E1C9F /* AddNewExerciseView.swift in Sources */,
				EAC8E3072769D17A00A03208 /* SettingsViewController.swift in Sources */,
				EABED3A927B29CCE005F3EAC /* Set+CoreDataProperties.swift in Sources */,
				EABED3AD27B29CCE005F3EAC /* Muscle+CoreDataProperties.swift in Sources */,
				EA30B4692747EA6600DEA817 /* FitAngelApp.swift in Sources */,
			);
			runOnlyForDeploymentPostprocessing = 0;
		};
/* End PBXSourcesBuildPhase section */

/* Begin XCBuildConfiguration section */
		EA30B4712747EA6800DEA817 /* Debug */ = {
			isa = XCBuildConfiguration;
			buildSettings = {
				ALWAYS_SEARCH_USER_PATHS = NO;
				CLANG_ANALYZER_NONNULL = YES;
				CLANG_ANALYZER_NUMBER_OBJECT_CONVERSION = YES_AGGRESSIVE;
				CLANG_CXX_LANGUAGE_STANDARD = "gnu++17";
				CLANG_CXX_LIBRARY = "libc++";
				CLANG_ENABLE_MODULES = YES;
				CLANG_ENABLE_OBJC_ARC = YES;
				CLANG_ENABLE_OBJC_WEAK = YES;
				CLANG_WARN_BLOCK_CAPTURE_AUTORELEASING = YES;
				CLANG_WARN_BOOL_CONVERSION = YES;
				CLANG_WARN_COMMA = YES;
				CLANG_WARN_CONSTANT_CONVERSION = YES;
				CLANG_WARN_DEPRECATED_OBJC_IMPLEMENTATIONS = YES;
				CLANG_WARN_DIRECT_OBJC_ISA_USAGE = YES_ERROR;
				CLANG_WARN_DOCUMENTATION_COMMENTS = YES;
				CLANG_WARN_EMPTY_BODY = YES;
				CLANG_WARN_ENUM_CONVERSION = YES;
				CLANG_WARN_INFINITE_RECURSION = YES;
				CLANG_WARN_INT_CONVERSION = YES;
				CLANG_WARN_NON_LITERAL_NULL_CONVERSION = YES;
				CLANG_WARN_OBJC_IMPLICIT_RETAIN_SELF = YES;
				CLANG_WARN_OBJC_LITERAL_CONVERSION = YES;
				CLANG_WARN_OBJC_ROOT_CLASS = YES_ERROR;
				CLANG_WARN_QUOTED_INCLUDE_IN_FRAMEWORK_HEADER = YES;
				CLANG_WARN_RANGE_LOOP_ANALYSIS = YES;
				CLANG_WARN_STRICT_PROTOTYPES = YES;
				CLANG_WARN_SUSPICIOUS_MOVE = YES;
				CLANG_WARN_UNGUARDED_AVAILABILITY = YES_AGGRESSIVE;
				CLANG_WARN_UNREACHABLE_CODE = YES;
				CLANG_WARN__DUPLICATE_METHOD_MATCH = YES;
				COPY_PHASE_STRIP = NO;
				DEBUG_INFORMATION_FORMAT = dwarf;
				ENABLE_STRICT_OBJC_MSGSEND = YES;
				ENABLE_TESTABILITY = YES;
				GCC_C_LANGUAGE_STANDARD = gnu11;
				GCC_DYNAMIC_NO_PIC = NO;
				GCC_NO_COMMON_BLOCKS = YES;
				GCC_OPTIMIZATION_LEVEL = 0;
				GCC_PREPROCESSOR_DEFINITIONS = (
					"DEBUG=1",
					"$(inherited)",
				);
				GCC_WARN_64_TO_32_BIT_CONVERSION = YES;
				GCC_WARN_ABOUT_RETURN_TYPE = YES_ERROR;
				GCC_WARN_UNDECLARED_SELECTOR = YES;
				GCC_WARN_UNINITIALIZED_AUTOS = YES_AGGRESSIVE;
				GCC_WARN_UNUSED_FUNCTION = YES;
				GCC_WARN_UNUSED_VARIABLE = YES;
				IPHONEOS_DEPLOYMENT_TARGET = 15.0;
				MTL_ENABLE_DEBUG_INFO = INCLUDE_SOURCE;
				MTL_FAST_MATH = YES;
				ONLY_ACTIVE_ARCH = YES;
				SDKROOT = iphoneos;
				SWIFT_ACTIVE_COMPILATION_CONDITIONS = DEBUG;
				SWIFT_OPTIMIZATION_LEVEL = "-Onone";
			};
			name = Debug;
		};
		EA30B4722747EA6800DEA817 /* Release */ = {
			isa = XCBuildConfiguration;
			buildSettings = {
				ALWAYS_SEARCH_USER_PATHS = NO;
				CLANG_ANALYZER_NONNULL = YES;
				CLANG_ANALYZER_NUMBER_OBJECT_CONVERSION = YES_AGGRESSIVE;
				CLANG_CXX_LANGUAGE_STANDARD = "gnu++17";
				CLANG_CXX_LIBRARY = "libc++";
				CLANG_ENABLE_MODULES = YES;
				CLANG_ENABLE_OBJC_ARC = YES;
				CLANG_ENABLE_OBJC_WEAK = YES;
				CLANG_WARN_BLOCK_CAPTURE_AUTORELEASING = YES;
				CLANG_WARN_BOOL_CONVERSION = YES;
				CLANG_WARN_COMMA = YES;
				CLANG_WARN_CONSTANT_CONVERSION = YES;
				CLANG_WARN_DEPRECATED_OBJC_IMPLEMENTATIONS = YES;
				CLANG_WARN_DIRECT_OBJC_ISA_USAGE = YES_ERROR;
				CLANG_WARN_DOCUMENTATION_COMMENTS = YES;
				CLANG_WARN_EMPTY_BODY = YES;
				CLANG_WARN_ENUM_CONVERSION = YES;
				CLANG_WARN_INFINITE_RECURSION = YES;
				CLANG_WARN_INT_CONVERSION = YES;
				CLANG_WARN_NON_LITERAL_NULL_CONVERSION = YES;
				CLANG_WARN_OBJC_IMPLICIT_RETAIN_SELF = YES;
				CLANG_WARN_OBJC_LITERAL_CONVERSION = YES;
				CLANG_WARN_OBJC_ROOT_CLASS = YES_ERROR;
				CLANG_WARN_QUOTED_INCLUDE_IN_FRAMEWORK_HEADER = YES;
				CLANG_WARN_RANGE_LOOP_ANALYSIS = YES;
				CLANG_WARN_STRICT_PROTOTYPES = YES;
				CLANG_WARN_SUSPICIOUS_MOVE = YES;
				CLANG_WARN_UNGUARDED_AVAILABILITY = YES_AGGRESSIVE;
				CLANG_WARN_UNREACHABLE_CODE = YES;
				CLANG_WARN__DUPLICATE_METHOD_MATCH = YES;
				COPY_PHASE_STRIP = NO;
				DEBUG_INFORMATION_FORMAT = "dwarf-with-dsym";
				ENABLE_NS_ASSERTIONS = NO;
				ENABLE_STRICT_OBJC_MSGSEND = YES;
				GCC_C_LANGUAGE_STANDARD = gnu11;
				GCC_NO_COMMON_BLOCKS = YES;
				GCC_WARN_64_TO_32_BIT_CONVERSION = YES;
				GCC_WARN_ABOUT_RETURN_TYPE = YES_ERROR;
				GCC_WARN_UNDECLARED_SELECTOR = YES;
				GCC_WARN_UNINITIALIZED_AUTOS = YES_AGGRESSIVE;
				GCC_WARN_UNUSED_FUNCTION = YES;
				GCC_WARN_UNUSED_VARIABLE = YES;
				IPHONEOS_DEPLOYMENT_TARGET = 15.0;
				MTL_ENABLE_DEBUG_INFO = NO;
				MTL_FAST_MATH = YES;
				SDKROOT = iphoneos;
				SWIFT_COMPILATION_MODE = wholemodule;
				SWIFT_OPTIMIZATION_LEVEL = "-O";
				VALIDATE_PRODUCT = YES;
			};
			name = Release;
		};
		EA30B4742747EA6800DEA817 /* Debug */ = {
			isa = XCBuildConfiguration;
			buildSettings = {
				ASSETCATALOG_COMPILER_APPICON_NAME = AppIcon;
				ASSETCATALOG_COMPILER_GLOBAL_ACCENT_COLOR_NAME = AccentColor;
				CODE_SIGN_STYLE = Automatic;
				CURRENT_PROJECT_VERSION = 1;
				DEVELOPMENT_ASSET_PATHS = "\"FitAngel/Preview Content\"";
				DEVELOPMENT_TEAM = MGKC338XN6;
				ENABLE_PREVIEWS = YES;
				GENERATE_INFOPLIST_FILE = YES;
				INFOPLIST_FILE = FitAngel/Info.plist;
				INFOPLIST_KEY_UIApplicationSupportsIndirectInputEvents = YES;
				INFOPLIST_KEY_UILaunchScreen_Generation = YES;
				INFOPLIST_KEY_UISupportedInterfaceOrientations_iPad = "UIInterfaceOrientationPortrait UIInterfaceOrientationPortraitUpsideDown UIInterfaceOrientationLandscapeLeft UIInterfaceOrientationLandscapeRight";
				INFOPLIST_KEY_UISupportedInterfaceOrientations_iPhone = "UIInterfaceOrientationPortrait UIInterfaceOrientationLandscapeLeft UIInterfaceOrientationLandscapeRight";
				IPHONEOS_DEPLOYMENT_TARGET = 14.0;
				LD_RUNPATH_SEARCH_PATHS = (
					"$(inherited)",
					"@executable_path/Frameworks",
				);
				MARKETING_VERSION = 1.0;
				PRODUCT_BUNDLE_IDENTIFIER = ru.monogosheva.FitAngel;
				PRODUCT_NAME = "$(TARGET_NAME)";
				SWIFT_EMIT_LOC_STRINGS = YES;
				SWIFT_VERSION = 5.0;
				TARGETED_DEVICE_FAMILY = "1,2";
			};
			name = Debug;
		};
		EA30B4752747EA6800DEA817 /* Release */ = {
			isa = XCBuildConfiguration;
			buildSettings = {
				ASSETCATALOG_COMPILER_APPICON_NAME = AppIcon;
				ASSETCATALOG_COMPILER_GLOBAL_ACCENT_COLOR_NAME = AccentColor;
				CODE_SIGN_STYLE = Automatic;
				CURRENT_PROJECT_VERSION = 1;
				DEVELOPMENT_ASSET_PATHS = "\"FitAngel/Preview Content\"";
				DEVELOPMENT_TEAM = MGKC338XN6;
				ENABLE_PREVIEWS = YES;
				GENERATE_INFOPLIST_FILE = YES;
				INFOPLIST_FILE = FitAngel/Info.plist;
				INFOPLIST_KEY_UIApplicationSupportsIndirectInputEvents = YES;
				INFOPLIST_KEY_UILaunchScreen_Generation = YES;
				INFOPLIST_KEY_UISupportedInterfaceOrientations_iPad = "UIInterfaceOrientationPortrait UIInterfaceOrientationPortraitUpsideDown UIInterfaceOrientationLandscapeLeft UIInterfaceOrientationLandscapeRight";
				INFOPLIST_KEY_UISupportedInterfaceOrientations_iPhone = "UIInterfaceOrientationPortrait UIInterfaceOrientationLandscapeLeft UIInterfaceOrientationLandscapeRight";
				IPHONEOS_DEPLOYMENT_TARGET = 14.0;
				LD_RUNPATH_SEARCH_PATHS = (
					"$(inherited)",
					"@executable_path/Frameworks",
				);
				MARKETING_VERSION = 1.0;
				PRODUCT_BUNDLE_IDENTIFIER = ru.monogosheva.FitAngel;
				PRODUCT_NAME = "$(TARGET_NAME)";
				SWIFT_EMIT_LOC_STRINGS = YES;
				SWIFT_VERSION = 5.0;
				TARGETED_DEVICE_FAMILY = "1,2";
			};
			name = Release;
		};
/* End XCBuildConfiguration section */

/* Begin XCConfigurationList section */
		EA30B4602747EA6600DEA817 /* Build configuration list for PBXProject "FitAngel" */ = {
			isa = XCConfigurationList;
			buildConfigurations = (
				EA30B4712747EA6800DEA817 /* Debug */,
				EA30B4722747EA6800DEA817 /* Release */,
			);
			defaultConfigurationIsVisible = 0;
			defaultConfigurationName = Release;
		};
		EA30B4732747EA6800DEA817 /* Build configuration list for PBXNativeTarget "FitAngel" */ = {
			isa = XCConfigurationList;
			buildConfigurations = (
				EA30B4742747EA6800DEA817 /* Debug */,
				EA30B4752747EA6800DEA817 /* Release */,
			);
			defaultConfigurationIsVisible = 0;
			defaultConfigurationName = Release;
		};
/* End XCConfigurationList section */

/* Begin XCVersionGroup section */
		EA604813278A211700130A06 /* Model.xcdatamodeld */ = {
			isa = XCVersionGroup;
			children = (
				EA604814278A211700130A06 /* Model.xcdatamodel */,
			);
			currentVersion = EA604814278A211700130A06 /* Model.xcdatamodel */;
			path = Model.xcdatamodeld;
			sourceTree = "<group>";
			versionGroupType = wrapper.xcdatamodel;
		};
/* End XCVersionGroup section */
	};
	rootObject = EA30B45D2747EA6600DEA817 /* Project object */;
}
